
Microsoft Visual Studio Solution File, Format Version 12.00
# Visual Studio 15
Project("{FAE04EC0-301F-11D3-BF4B-00C04F79EFBC}") = "Assembly-CSharp", "Assembly-CSharp.csproj", "{F4F9CC2B-42C3-6A03-1E27-B91BDDF10EA8}"
EndProject
Project("{FAE04EC0-301F-11D3-BF4B-00C04F79EFBC}") = "Assembly-CSharp-Editor", "Assembly-CSharp-Editor.csproj", "{60F42291-8139-9687-3B56-14092CAD64CF}"
EndProject
Global
	GlobalSection(SolutionConfigurationPlatforms) = preSolution
		Debug|Any CPU = Debug|Any CPU
		Release|Any CPU = Release|Any CPU
	EndGlobalSection
	GlobalSection(ProjectConfigurationPlatforms) = postSolution
		{F4F9CC2B-42C3-6A03-1E27-B91BDDF10EA8}.Debug|Any CPU.ActiveCfg = Debug|Any CPU
		{F4F9CC2B-42C3-6A03-1E27-B91BDDF10EA8}.Debug|Any CPU.Build.0 = Debug|Any CPU
		{F4F9CC2B-42C3-6A03-1E27-B91BDDF10EA8}.Release|Any CPU.ActiveCfg = Release|Any CPU
		{F4F9CC2B-42C3-6A03-1E27-B91BDDF10EA8}.Release|Any CPU.Build.0 = Release|Any CPU
		{60F42291-8139-9687-3B56-14092CAD64CF}.Debug|Any CPU.ActiveCfg = Debug|Any CPU
		{60F42291-8139-9687-3B56-14092CAD64CF}.Debug|Any CPU.Build.0 = Debug|Any CPU
		{60F42291-8139-9687-3B56-14092CAD64CF}.Release|Any CPU.ActiveCfg = Release|Any CPU
		{60F42291-8139-9687-3B56-14092CAD64CF}.Release|Any CPU.Build.0 = Release|Any CPU
	EndGlobalSection
	GlobalSection(SolutionProperties) = preSolution
		HideSolutionNode = FALSE
	EndGlobalSection
EndGlobal
